// !$*UTF8*$!
{
	archiveVersion = 1;
	classes = {
	};
	objectVersion = 56;
	objects = {

/* Begin PBXBuildFile section */
		2723080C2BFB7B89007991AD /* WeatherViewModel.swift in Sources */ = {isa = PBXBuildFile; fileRef = 2723080B2BFB7B89007991AD /* WeatherViewModel.swift */; };
		2723080E2BFB7BC9007991AD /* WeatherModel.swift in Sources */ = {isa = PBXBuildFile; fileRef = 2723080D2BFB7BC9007991AD /* WeatherModel.swift */; };
		272308102BFB7C1B007991AD /* LocationViewModel.swift in Sources */ = {isa = PBXBuildFile; fileRef = 2723080F2BFB7C1B007991AD /* LocationViewModel.swift */; };
		272308162BFB7CF5007991AD /* WeatherMainView.swift in Sources */ = {isa = PBXBuildFile; fileRef = 272308152BFB7CF5007991AD /* WeatherMainView.swift */; };
		2723081A2BFBE14D007991AD /* Readme.md in Resources */ = {isa = PBXBuildFile; fileRef = 272308192BFBE14D007991AD /* Readme.md */; };
		27F14A7C2BC313B100F5A2DD /* login_singupApp.swift in Sources */ = {isa = PBXBuildFile; fileRef = 27F14A7B2BC313B100F5A2DD /* login_singupApp.swift */; };
		27F14A7E2BC313B100F5A2DD /* ContentView.swift in Sources */ = {isa = PBXBuildFile; fileRef = 27F14A7D2BC313B100F5A2DD /* ContentView.swift */; };
		27F14A802BC313B300F5A2DD /* Assets.xcassets in Resources */ = {isa = PBXBuildFile; fileRef = 27F14A7F2BC313B300F5A2DD /* Assets.xcassets */; };
		27F14A832BC313B300F5A2DD /* Preview Assets.xcassets in Resources */ = {isa = PBXBuildFile; fileRef = 27F14A822BC313B300F5A2DD /* Preview Assets.xcassets */; };
		27F14A912BC3154700F5A2DD /* LoginView.swift in Sources */ = {isa = PBXBuildFile; fileRef = 27F14A902BC3154700F5A2DD /* LoginView.swift */; };
		27F14A932BC3180B00F5A2DD /* InputView.swift in Sources */ = {isa = PBXBuildFile; fileRef = 27F14A922BC3180B00F5A2DD /* InputView.swift */; };
		27F14A952BC3217B00F5A2DD /* ButtonActionLabel.swift in Sources */ = {isa = PBXBuildFile; fileRef = 27F14A942BC3217B00F5A2DD /* ButtonActionLabel.swift */; };
		27F14A972BC3282500F5A2DD /* RegistrationView.swift in Sources */ = {isa = PBXBuildFile; fileRef = 27F14A962BC3282500F5A2DD /* RegistrationView.swift */; };
		27F14A992BC3DE2000F5A2DD /* ProfileView.swift in Sources */ = {isa = PBXBuildFile; fileRef = 27F14A982BC3DE2000F5A2DD /* ProfileView.swift */; };
		27F14A9B2BC3E83C00F5A2DD /* SettingsRowView.swift in Sources */ = {isa = PBXBuildFile; fileRef = 27F14A9A2BC3E83C00F5A2DD /* SettingsRowView.swift */; };
		27F14A9D2BC3EE8C00F5A2DD /* User.swift in Sources */ = {isa = PBXBuildFile; fileRef = 27F14A9C2BC3EE8C00F5A2DD /* User.swift */; };
		27F14A9F2BC3F8A400F5A2DD /* GoogleService-Info.plist in Resources */ = {isa = PBXBuildFile; fileRef = 27F14A9E2BC3F8A400F5A2DD /* GoogleService-Info.plist */; };
		27F14AA42BC3F9BB00F5A2DD /* FirebaseAnalytics in Frameworks */ = {isa = PBXBuildFile; productRef = 27F14AA32BC3F9BB00F5A2DD /* FirebaseAnalytics */; };
		27F14AA62BC3F9BB00F5A2DD /* FirebaseAnalyticsOnDeviceConversion in Frameworks */ = {isa = PBXBuildFile; productRef = 27F14AA52BC3F9BB00F5A2DD /* FirebaseAnalyticsOnDeviceConversion */; };
		27F14AA82BC3F9BB00F5A2DD /* FirebaseAnalyticsSwift in Frameworks */ = {isa = PBXBuildFile; productRef = 27F14AA72BC3F9BB00F5A2DD /* FirebaseAnalyticsSwift */; };
		27F14AAA2BC3F9BB00F5A2DD /* FirebaseAnalyticsWithoutAdIdSupport in Frameworks */ = {isa = PBXBuildFile; productRef = 27F14AA92BC3F9BB00F5A2DD /* FirebaseAnalyticsWithoutAdIdSupport */; };
		27F14AAC2BC3F9BB00F5A2DD /* FirebaseAppCheck in Frameworks */ = {isa = PBXBuildFile; productRef = 27F14AAB2BC3F9BB00F5A2DD /* FirebaseAppCheck */; };
		27F14AAE2BC3FBCE00F5A2DD /* FirebaseAnalytics in Frameworks */ = {isa = PBXBuildFile; productRef = 27F14AAD2BC3FBCE00F5A2DD /* FirebaseAnalytics */; };
		27F14AB02BC3FBCE00F5A2DD /* FirebaseAnalyticsOnDeviceConversion in Frameworks */ = {isa = PBXBuildFile; productRef = 27F14AAF2BC3FBCE00F5A2DD /* FirebaseAnalyticsOnDeviceConversion */; };
		27F14AB22BC3FBCE00F5A2DD /* FirebaseAnalyticsSwift in Frameworks */ = {isa = PBXBuildFile; productRef = 27F14AB12BC3FBCE00F5A2DD /* FirebaseAnalyticsSwift */; };
		27F14AB42BC3FBCE00F5A2DD /* FirebaseAnalyticsWithoutAdIdSupport in Frameworks */ = {isa = PBXBuildFile; productRef = 27F14AB32BC3FBCE00F5A2DD /* FirebaseAnalyticsWithoutAdIdSupport */; };
		27F14AB62BC3FBCE00F5A2DD /* FirebaseAppCheck in Frameworks */ = {isa = PBXBuildFile; productRef = 27F14AB52BC3FBCE00F5A2DD /* FirebaseAppCheck */; };
		27F14AB82BC3FBCE00F5A2DD /* FirebaseAppDistribution-Beta in Frameworks */ = {isa = PBXBuildFile; productRef = 27F14AB72BC3FBCE00F5A2DD /* FirebaseAppDistribution-Beta */; };
		27F14ABA2BC3FBCE00F5A2DD /* FirebaseAuth in Frameworks */ = {isa = PBXBuildFile; productRef = 27F14AB92BC3FBCE00F5A2DD /* FirebaseAuth */; };
		27F14ABC2BC3FBCE00F5A2DD /* FirebaseFirestore in Frameworks */ = {isa = PBXBuildFile; productRef = 27F14ABB2BC3FBCE00F5A2DD /* FirebaseFirestore */; };
		27F14ABE2BC3FBCE00F5A2DD /* FirebaseFirestoreSwift in Frameworks */ = {isa = PBXBuildFile; productRef = 27F14ABD2BC3FBCE00F5A2DD /* FirebaseFirestoreSwift */; };
		27F14AC02BC3FBCE00F5A2DD /* FirebaseMLModelDownloader in Frameworks */ = {isa = PBXBuildFile; productRef = 27F14ABF2BC3FBCE00F5A2DD /* FirebaseMLModelDownloader */; };
		27F14AC22BC3FBCE00F5A2DD /* FirebaseStorage in Frameworks */ = {isa = PBXBuildFile; productRef = 27F14AC12BC3FBCE00F5A2DD /* FirebaseStorage */; };
		27F14AC62BC3FCBB00F5A2DD /* AuthViewModel.swift in Sources */ = {isa = PBXBuildFile; fileRef = 27F14AC52BC3FCBB00F5A2DD /* AuthViewModel.swift */; };
		27F14BAD2BC6939900F5A2DD /* GoogleSignIn in Frameworks */ = {isa = PBXBuildFile; productRef = 27F14BAC2BC6939900F5A2DD /* GoogleSignIn */; };
		27F14BAF2BC6939900F5A2DD /* GoogleSignInSwift in Frameworks */ = {isa = PBXBuildFile; productRef = 27F14BAE2BC6939900F5A2DD /* GoogleSignInSwift */; };
		27F14BD12BC7CDC000F5A2DD /* ResetPasswordView.swift in Sources */ = {isa = PBXBuildFile; fileRef = 27F14BD02BC7CDC000F5A2DD /* ResetPasswordView.swift */; };
		27F14BD32BC7DA1A00F5A2DD /* ResetEmailView.swift in Sources */ = {isa = PBXBuildFile; fileRef = 27F14BD22BC7DA1A00F5A2DD /* ResetEmailView.swift */; };
/* End PBXBuildFile section */

/* Begin PBXFileReference section */
		2723080A2BFB7B31007991AD /* login singup.entitlements */ = {isa = PBXFileReference; lastKnownFileType = text.plist.entitlements; path = "login singup.entitlements"; sourceTree = "<group>"; };
		2723080B2BFB7B89007991AD /* WeatherViewModel.swift */ = {isa = PBXFileReference; lastKnownFileType = sourcecode.swift; path = WeatherViewModel.swift; sourceTree = "<group>"; };
		2723080D2BFB7BC9007991AD /* WeatherModel.swift */ = {isa = PBXFileReference; lastKnownFileType = sourcecode.swift; path = WeatherModel.swift; sourceTree = "<group>"; };
		2723080F2BFB7C1B007991AD /* LocationViewModel.swift */ = {isa = PBXFileReference; lastKnownFileType = sourcecode.swift; path = LocationViewModel.swift; sourceTree = "<group>"; };
		272308152BFB7CF5007991AD /* WeatherMainView.swift */ = {isa = PBXFileReference; lastKnownFileType = sourcecode.swift; path = WeatherMainView.swift; sourceTree = "<group>"; };
		272308192BFBE14D007991AD /* Readme.md */ = {isa = PBXFileReference; fileEncoding = 4; lastKnownFileType = net.daringfireball.markdown; name = Readme.md; path = ../../Readme.md; sourceTree = "<group>"; };
		27F14A782BC313B100F5A2DD /* login singup.app */ = {isa = PBXFileReference; explicitFileType = wrapper.application; includeInIndex = 0; path = "login singup.app"; sourceTree = BUILT_PRODUCTS_DIR; };
		27F14A7B2BC313B100F5A2DD /* login_singupApp.swift */ = {isa = PBXFileReference; lastKnownFileType = sourcecode.swift; path = login_singupApp.swift; sourceTree = "<group>"; };
		27F14A7D2BC313B100F5A2DD /* ContentView.swift */ = {isa = PBXFileReference; lastKnownFileType = sourcecode.swift; path = ContentView.swift; sourceTree = "<group>"; };
		27F14A7F2BC313B300F5A2DD /* Assets.xcassets */ = {isa = PBXFileReference; lastKnownFileType = folder.assetcatalog; path = Assets.xcassets; sourceTree = "<group>"; };
		27F14A822BC313B300F5A2DD /* Preview Assets.xcassets */ = {isa = PBXFileReference; lastKnownFileType = folder.assetcatalog; path = "Preview Assets.xcassets"; sourceTree = "<group>"; };
		27F14A902BC3154700F5A2DD /* LoginView.swift */ = {isa = PBXFileReference; lastKnownFileType = sourcecode.swift; path = LoginView.swift; sourceTree = "<group>"; };
		27F14A922BC3180B00F5A2DD /* InputView.swift */ = {isa = PBXFileReference; lastKnownFileType = sourcecode.swift; path = InputView.swift; sourceTree = "<group>"; };
		27F14A942BC3217B00F5A2DD /* ButtonActionLabel.swift */ = {isa = PBXFileReference; lastKnownFileType = sourcecode.swift; path = ButtonActionLabel.swift; sourceTree = "<group>"; };
		27F14A962BC3282500F5A2DD /* RegistrationView.swift */ = {isa = PBXFileReference; lastKnownFileType = sourcecode.swift; path = RegistrationView.swift; sourceTree = "<group>"; };
		27F14A982BC3DE2000F5A2DD /* ProfileView.swift */ = {isa = PBXFileReference; lastKnownFileType = sourcecode.swift; path = ProfileView.swift; sourceTree = "<group>"; };
		27F14A9A2BC3E83C00F5A2DD /* SettingsRowView.swift */ = {isa = PBXFileReference; lastKnownFileType = sourcecode.swift; path = SettingsRowView.swift; sourceTree = "<group>"; };
		27F14A9C2BC3EE8C00F5A2DD /* User.swift */ = {isa = PBXFileReference; lastKnownFileType = sourcecode.swift; path = User.swift; sourceTree = "<group>"; };
		27F14A9E2BC3F8A400F5A2DD /* GoogleService-Info.plist */ = {isa = PBXFileReference; fileEncoding = 4; lastKnownFileType = text.plist.xml; path = "GoogleService-Info.plist"; sourceTree = "<group>"; };
		27F14AC52BC3FCBB00F5A2DD /* AuthViewModel.swift */ = {isa = PBXFileReference; lastKnownFileType = sourcecode.swift; path = AuthViewModel.swift; sourceTree = "<group>"; };
		27F14BD02BC7CDC000F5A2DD /* ResetPasswordView.swift */ = {isa = PBXFileReference; lastKnownFileType = sourcecode.swift; path = ResetPasswordView.swift; sourceTree = "<group>"; };
		27F14BD22BC7DA1A00F5A2DD /* ResetEmailView.swift */ = {isa = PBXFileReference; lastKnownFileType = sourcecode.swift; path = ResetEmailView.swift; sourceTree = "<group>"; };
/* End PBXFileReference section */

/* Begin PBXFrameworksBuildPhase section */
		27F14A752BC313B100F5A2DD /* Frameworks */ = {
			isa = PBXFrameworksBuildPhase;
			buildActionMask = 2147483647;
			files = (
				27F14AA82BC3F9BB00F5A2DD /* FirebaseAnalyticsSwift in Frameworks */,
				27F14ABC2BC3FBCE00F5A2DD /* FirebaseFirestore in Frameworks */,
				27F14AA42BC3F9BB00F5A2DD /* FirebaseAnalytics in Frameworks */,
				27F14ABE2BC3FBCE00F5A2DD /* FirebaseFirestoreSwift in Frameworks */,
				27F14AAE2BC3FBCE00F5A2DD /* FirebaseAnalytics in Frameworks */,
				27F14AC22BC3FBCE00F5A2DD /* FirebaseStorage in Frameworks */,
				27F14AB02BC3FBCE00F5A2DD /* FirebaseAnalyticsOnDeviceConversion in Frameworks */,
				27F14AB22BC3FBCE00F5A2DD /* FirebaseAnalyticsSwift in Frameworks */,
				27F14AA62BC3F9BB00F5A2DD /* FirebaseAnalyticsOnDeviceConversion in Frameworks */,
				27F14BAF2BC6939900F5A2DD /* GoogleSignInSwift in Frameworks */,
				27F14BAD2BC6939900F5A2DD /* GoogleSignIn in Frameworks */,
				27F14AAC2BC3F9BB00F5A2DD /* FirebaseAppCheck in Frameworks */,
				27F14ABA2BC3FBCE00F5A2DD /* FirebaseAuth in Frameworks */,
				27F14AB42BC3FBCE00F5A2DD /* FirebaseAnalyticsWithoutAdIdSupport in Frameworks */,
				27F14AB62BC3FBCE00F5A2DD /* FirebaseAppCheck in Frameworks */,
				27F14AC02BC3FBCE00F5A2DD /* FirebaseMLModelDownloader in Frameworks */,
				27F14AB82BC3FBCE00F5A2DD /* FirebaseAppDistribution-Beta in Frameworks */,
				27F14AAA2BC3F9BB00F5A2DD /* FirebaseAnalyticsWithoutAdIdSupport in Frameworks */,
			);
			runOnlyForDeploymentPostprocessing = 0;
		};
/* End PBXFrameworksBuildPhase section */

/* Begin PBXGroup section */
		272308112BFB7C6A007991AD /* Weather */ = {
			isa = PBXGroup;
			children = (
				272308142BFB7CAB007991AD /* Model */,
				272308132BFB7C9E007991AD /* ViewModel */,
				272308122BFB7C91007991AD /* View */,
			);
			path = Weather;
			sourceTree = "<group>";
		};
		272308122BFB7C91007991AD /* View */ = {
			isa = PBXGroup;
			children = (
				272308152BFB7CF5007991AD /* WeatherMainView.swift */,
			);
			path = View;
			sourceTree = "<group>";
		};
		272308132BFB7C9E007991AD /* ViewModel */ = {
			isa = PBXGroup;
			children = (
				2723080F2BFB7C1B007991AD /* LocationViewModel.swift */,
				2723080B2BFB7B89007991AD /* WeatherViewModel.swift */,
			);
			path = ViewModel;
			sourceTree = "<group>";
		};
		272308142BFB7CAB007991AD /* Model */ = {
			isa = PBXGroup;
			children = (
				2723080D2BFB7BC9007991AD /* WeatherModel.swift */,
			);
			path = Model;
			sourceTree = "<group>";
		};
		27F14A6F2BC313B100F5A2DD = {
			isa = PBXGroup;
			children = (
				27F14A7A2BC313B100F5A2DD /* login singup */,
				27F14A792BC313B100F5A2DD /* Products */,
			);
			sourceTree = "<group>";
		};
		27F14A792BC313B100F5A2DD /* Products */ = {
			isa = PBXGroup;
			children = (
				27F14A782BC313B100F5A2DD /* login singup.app */,
			);
			name = Products;
			sourceTree = "<group>";
		};
		27F14A7A2BC313B100F5A2DD /* login singup */ = {
			isa = PBXGroup;
			children = (
				272308192BFBE14D007991AD /* Readme.md */,
				2723080A2BFB7B31007991AD /* login singup.entitlements */,
				27F14A9E2BC3F8A400F5A2DD /* GoogleService-Info.plist */,
				27F14A892BC3143600F5A2DD /* App */,
				27F14A8A2BC3147800F5A2DD /* Components */,
				27F14A8B2BC3148200F5A2DD /* Core */,
				27F14A8C2BC3148B00F5A2DD /* Model */,
				27F14A7F2BC313B300F5A2DD /* Assets.xcassets */,
				27F14A812BC313B300F5A2DD /* Preview Content */,
			);
			path = "login singup";
			sourceTree = "<group>";
		};
		27F14A812BC313B300F5A2DD /* Preview Content */ = {
			isa = PBXGroup;
			children = (
				27F14A822BC313B300F5A2DD /* Preview Assets.xcassets */,
			);
			path = "Preview Content";
			sourceTree = "<group>";
		};
		27F14A892BC3143600F5A2DD /* App */ = {
			isa = PBXGroup;
			children = (
				27F14A7B2BC313B100F5A2DD /* login_singupApp.swift */,
			);
			path = App;
			sourceTree = "<group>";
		};
		27F14A8A2BC3147800F5A2DD /* Components */ = {
			isa = PBXGroup;
			children = (
				27F14A922BC3180B00F5A2DD /* InputView.swift */,
				27F14A942BC3217B00F5A2DD /* ButtonActionLabel.swift */,
				27F14A9A2BC3E83C00F5A2DD /* SettingsRowView.swift */,
			);
			path = Components;
			sourceTree = "<group>";
		};
		27F14A8B2BC3148200F5A2DD /* Core */ = {
			isa = PBXGroup;
			children = (
				272308112BFB7C6A007991AD /* Weather */,
				27F14A8E2BC3151200F5A2DD /* Authentication */,
				27F14A8F2BC3152300F5A2DD /* Profile */,
				27F14A8D2BC314EC00F5A2DD /* Root */,
			);
			path = Core;
			sourceTree = "<group>";
		};
		27F14A8C2BC3148B00F5A2DD /* Model */ = {
			isa = PBXGroup;
			children = (
				27F14A9C2BC3EE8C00F5A2DD /* User.swift */,
			);
			path = Model;
			sourceTree = "<group>";
		};
		27F14A8D2BC314EC00F5A2DD /* Root */ = {
			isa = PBXGroup;
			children = (
				27F14A7D2BC313B100F5A2DD /* ContentView.swift */,
			);
			path = Root;
			sourceTree = "<group>";
		};
		27F14A8E2BC3151200F5A2DD /* Authentication */ = {
			isa = PBXGroup;
			children = (
				27F14AC32BC3FC9700F5A2DD /* View */,
				27F14AC42BC3FCA600F5A2DD /* ViewModel */,
			);
			path = Authentication;
			sourceTree = "<group>";
		};
		27F14A8F2BC3152300F5A2DD /* Profile */ = {
			isa = PBXGroup;
			children = (
				27F14A982BC3DE2000F5A2DD /* ProfileView.swift */,
			);
			path = Profile;
			sourceTree = "<group>";
		};
		27F14AC32BC3FC9700F5A2DD /* View */ = {
			isa = PBXGroup;
			children = (
				27F14A962BC3282500F5A2DD /* RegistrationView.swift */,
				27F14A902BC3154700F5A2DD /* LoginView.swift */,
				27F14BD02BC7CDC000F5A2DD /* ResetPasswordView.swift */,
				27F14BD22BC7DA1A00F5A2DD /* ResetEmailView.swift */,
			);
			path = View;
			sourceTree = "<group>";
		};
		27F14AC42BC3FCA600F5A2DD /* ViewModel */ = {
			isa = PBXGroup;
			children = (
				27F14AC52BC3FCBB00F5A2DD /* AuthViewModel.swift */,
			);
			path = ViewModel;
			sourceTree = "<group>";
		};
/* End PBXGroup section */

/* Begin PBXNativeTarget section */
		27F14A772BC313B100F5A2DD /* login singup */ = {
			isa = PBXNativeTarget;
			buildConfigurationList = 27F14A862BC313B300F5A2DD /* Build configuration list for PBXNativeTarget "login singup" */;
			buildPhases = (
				27F14A742BC313B100F5A2DD /* Sources */,
				27F14A752BC313B100F5A2DD /* Frameworks */,
				27F14A762BC313B100F5A2DD /* Resources */,
			);
			buildRules = (
			);
			dependencies = (
			);
			name = "login singup";
			packageProductDependencies = (
				27F14AA32BC3F9BB00F5A2DD /* FirebaseAnalytics */,
				27F14AA52BC3F9BB00F5A2DD /* FirebaseAnalyticsOnDeviceConversion */,
				27F14AA72BC3F9BB00F5A2DD /* FirebaseAnalyticsSwift */,
				27F14AA92BC3F9BB00F5A2DD /* FirebaseAnalyticsWithoutAdIdSupport */,
				27F14AAB2BC3F9BB00F5A2DD /* FirebaseAppCheck */,
				27F14AAD2BC3FBCE00F5A2DD /* FirebaseAnalytics */,
				27F14AAF2BC3FBCE00F5A2DD /* FirebaseAnalyticsOnDeviceConversion */,
				27F14AB12BC3FBCE00F5A2DD /* FirebaseAnalyticsSwift */,
				27F14AB32BC3FBCE00F5A2DD /* FirebaseAnalyticsWithoutAdIdSupport */,
				27F14AB52BC3FBCE00F5A2DD /* FirebaseAppCheck */,
				27F14AB72BC3FBCE00F5A2DD /* FirebaseAppDistribution-Beta */,
				27F14AB92BC3FBCE00F5A2DD /* FirebaseAuth */,
				27F14ABB2BC3FBCE00F5A2DD /* FirebaseFirestore */,
				27F14ABD2BC3FBCE00F5A2DD /* FirebaseFirestoreSwift */,
				27F14ABF2BC3FBCE00F5A2DD /* FirebaseMLModelDownloader */,
				27F14AC12BC3FBCE00F5A2DD /* FirebaseStorage */,
				27F14BAC2BC6939900F5A2DD /* GoogleSignIn */,
				27F14BAE2BC6939900F5A2DD /* GoogleSignInSwift */,
			);
			productName = "login singup";
			productReference = 27F14A782BC313B100F5A2DD /* login singup.app */;
			productType = "com.apple.product-type.application";
		};
/* End PBXNativeTarget section */

/* Begin PBXProject section */
		27F14A702BC313B100F5A2DD /* Project object */ = {
			isa = PBXProject;
			attributes = {
				BuildIndependentTargetsInParallel = 1;
				LastSwiftUpdateCheck = 1520;
				LastUpgradeCheck = 1520;
				TargetAttributes = {
					27F14A772BC313B100F5A2DD = {
						CreatedOnToolsVersion = 15.2;
					};
				};
			};
			buildConfigurationList = 27F14A732BC313B100F5A2DD /* Build configuration list for PBXProject "login singup" */;
			compatibilityVersion = "Xcode 14.0";
			developmentRegion = en;
			hasScannedForEncodings = 0;
			knownRegions = (
				en,
				Base,
			);
			mainGroup = 27F14A6F2BC313B100F5A2DD;
			packageReferences = (
				27F14AA22BC3F9BB00F5A2DD /* XCRemoteSwiftPackageReference "firebase-ios-sdk" */,
				27F14BAB2BC6939900F5A2DD /* XCRemoteSwiftPackageReference "GoogleSignIn-iOS" */,
			);
			productRefGroup = 27F14A792BC313B100F5A2DD /* Products */;
			projectDirPath = "";
			projectRoot = "";
			targets = (
				27F14A772BC313B100F5A2DD /* login singup */,
			);
		};
/* End PBXProject section */

/* Begin PBXResourcesBuildPhase section */
		27F14A762BC313B100F5A2DD /* Resources */ = {
			isa = PBXResourcesBuildPhase;
			buildActionMask = 2147483647;
			files = (
				2723081A2BFBE14D007991AD /* Readme.md in Resources */,
				27F14A832BC313B300F5A2DD /* Preview Assets.xcassets in Resources */,
				27F14A802BC313B300F5A2DD /* Assets.xcassets in Resources */,
				27F14A9F2BC3F8A400F5A2DD /* GoogleService-Info.plist in Resources */,
			);
			runOnlyForDeploymentPostprocessing = 0;
		};
/* End PBXResourcesBuildPhase section */

/* Begin PBXSourcesBuildPhase section */
		27F14A742BC313B100F5A2DD /* Sources */ = {
			isa = PBXSourcesBuildPhase;
			buildActionMask = 2147483647;
			files = (
				27F14AC62BC3FCBB00F5A2DD /* AuthViewModel.swift in Sources */,
				27F14A912BC3154700F5A2DD /* LoginView.swift in Sources */,
				27F14A932BC3180B00F5A2DD /* InputView.swift in Sources */,
				27F14A952BC3217B00F5A2DD /* ButtonActionLabel.swift in Sources */,
				27F14A972BC3282500F5A2DD /* RegistrationView.swift in Sources */,
				27F14A9B2BC3E83C00F5A2DD /* SettingsRowView.swift in Sources */,
				27F14A9D2BC3EE8C00F5A2DD /* User.swift in Sources */,
				272308102BFB7C1B007991AD /* LocationViewModel.swift in Sources */,
				27F14BD12BC7CDC000F5A2DD /* ResetPasswordView.swift in Sources */,
				2723080C2BFB7B89007991AD /* WeatherViewModel.swift in Sources */,
				27F14A7E2BC313B100F5A2DD /* ContentView.swift in Sources */,
				27F14BD32BC7DA1A00F5A2DD /* ResetEmailView.swift in Sources */,
				272308162BFB7CF5007991AD /* WeatherMainView.swift in Sources */,
				27F14A992BC3DE2000F5A2DD /* ProfileView.swift in Sources */,
				2723080E2BFB7BC9007991AD /* WeatherModel.swift in Sources */,
				27F14A7C2BC313B100F5A2DD /* login_singupApp.swift in Sources */,
			);
			runOnlyForDeploymentPostprocessing = 0;
		};
/* End PBXSourcesBuildPhase section */

/* Begin XCBuildConfiguration section */
		27F14A842BC313B300F5A2DD /* Debug */ = {
			isa = XCBuildConfiguration;
			buildSettings = {
				ALWAYS_SEARCH_USER_PATHS = NO;
				ASSETCATALOG_COMPILER_GENERATE_SWIFT_ASSET_SYMBOL_EXTENSIONS = YES;
				CLANG_ANALYZER_NONNULL = YES;
				CLANG_ANALYZER_NUMBER_OBJECT_CONVERSION = YES_AGGRESSIVE;
				CLANG_CXX_LANGUAGE_STANDARD = "gnu++20";
				CLANG_ENABLE_MODULES = YES;
				CLANG_ENABLE_OBJC_ARC = YES;
				CLANG_ENABLE_OBJC_WEAK = YES;
				CLANG_WARN_BLOCK_CAPTURE_AUTORELEASING = YES;
				CLANG_WARN_BOOL_CONVERSION = YES;
				CLANG_WARN_COMMA = YES;
				CLANG_WARN_CONSTANT_CONVERSION = YES;
				CLANG_WARN_DEPRECATED_OBJC_IMPLEMENTATIONS = YES;
				CLANG_WARN_DIRECT_OBJC_ISA_USAGE = YES_ERROR;
				CLANG_WARN_DOCUMENTATION_COMMENTS = YES;
				CLANG_WARN_EMPTY_BODY = YES;
				CLANG_WARN_ENUM_CONVERSION = YES;
				CLANG_WARN_INFINITE_RECURSION = YES;
				CLANG_WARN_INT_CONVERSION = YES;
				CLANG_WARN_NON_LITERAL_NULL_CONVERSION = YES;
				CLANG_WARN_OBJC_IMPLICIT_RETAIN_SELF = YES;
				CLANG_WARN_OBJC_LITERAL_CONVERSION = YES;
				CLANG_WARN_OBJC_ROOT_CLASS = YES_ERROR;
				CLANG_WARN_QUOTED_INCLUDE_IN_FRAMEWORK_HEADER = YES;
				CLANG_WARN_RANGE_LOOP_ANALYSIS = YES;
				CLANG_WARN_STRICT_PROTOTYPES = YES;
				CLANG_WARN_SUSPICIOUS_MOVE = YES;
				CLANG_WARN_UNGUARDED_AVAILABILITY = YES_AGGRESSIVE;
				CLANG_WARN_UNREACHABLE_CODE = YES;
				CLANG_WARN__DUPLICATE_METHOD_MATCH = YES;
				COPY_PHASE_STRIP = NO;
				DEBUG_INFORMATION_FORMAT = dwarf;
				ENABLE_STRICT_OBJC_MSGSEND = YES;
				ENABLE_TESTABILITY = YES;
				ENABLE_USER_SCRIPT_SANDBOXING = YES;
				GCC_C_LANGUAGE_STANDARD = gnu17;
				GCC_DYNAMIC_NO_PIC = NO;
				GCC_NO_COMMON_BLOCKS = YES;
				GCC_OPTIMIZATION_LEVEL = 0;
				GCC_PREPROCESSOR_DEFINITIONS = (
					"DEBUG=1",
					"$(inherited)",
				);
				GCC_WARN_64_TO_32_BIT_CONVERSION = YES;
				GCC_WARN_ABOUT_RETURN_TYPE = YES_ERROR;
				GCC_WARN_UNDECLARED_SELECTOR = YES;
				GCC_WARN_UNINITIALIZED_AUTOS = YES_AGGRESSIVE;
				GCC_WARN_UNUSED_FUNCTION = YES;
				GCC_WARN_UNUSED_VARIABLE = YES;
				IPHONEOS_DEPLOYMENT_TARGET = 17.2;
				LOCALIZATION_PREFERS_STRING_CATALOGS = YES;
				MTL_ENABLE_DEBUG_INFO = INCLUDE_SOURCE;
				MTL_FAST_MATH = YES;
				ONLY_ACTIVE_ARCH = YES;
				SDKROOT = iphoneos;
				SWIFT_ACTIVE_COMPILATION_CONDITIONS = "DEBUG $(inherited)";
				SWIFT_OPTIMIZATION_LEVEL = "-Onone";
			};
			name = Debug;
		};
		27F14A852BC313B300F5A2DD /* Release */ = {
			isa = XCBuildConfiguration;
			buildSettings = {
				ALWAYS_SEARCH_USER_PATHS = NO;
				ASSETCATALOG_COMPILER_GENERATE_SWIFT_ASSET_SYMBOL_EXTENSIONS = YES;
				CLANG_ANALYZER_NONNULL = YES;
				CLANG_ANALYZER_NUMBER_OBJECT_CONVERSION = YES_AGGRESSIVE;
				CLANG_CXX_LANGUAGE_STANDARD = "gnu++20";
				CLANG_ENABLE_MODULES = YES;
				CLANG_ENABLE_OBJC_ARC = YES;
				CLANG_ENABLE_OBJC_WEAK = YES;
				CLANG_WARN_BLOCK_CAPTURE_AUTORELEASING = YES;
				CLANG_WARN_BOOL_CONVERSION = YES;
				CLANG_WARN_COMMA = YES;
				CLANG_WARN_CONSTANT_CONVERSION = YES;
				CLANG_WARN_DEPRECATED_OBJC_IMPLEMENTATIONS = YES;
				CLANG_WARN_DIRECT_OBJC_ISA_USAGE = YES_ERROR;
				CLANG_WARN_DOCUMENTATION_COMMENTS = YES;
				CLANG_WARN_EMPTY_BODY = YES;
				CLANG_WARN_ENUM_CONVERSION = YES;
				CLANG_WARN_INFINITE_RECURSION = YES;
				CLANG_WARN_INT_CONVERSION = YES;
				CLANG_WARN_NON_LITERAL_NULL_CONVERSION = YES;
				CLANG_WARN_OBJC_IMPLICIT_RETAIN_SELF = YES;
				CLANG_WARN_OBJC_LITERAL_CONVERSION = YES;
				CLANG_WARN_OBJC_ROOT_CLASS = YES_ERROR;
				CLANG_WARN_QUOTED_INCLUDE_IN_FRAMEWORK_HEADER = YES;
				CLANG_WARN_RANGE_LOOP_ANALYSIS = YES;
				CLANG_WARN_STRICT_PROTOTYPES = YES;
				CLANG_WARN_SUSPICIOUS_MOVE = YES;
				CLANG_WARN_UNGUARDED_AVAILABILITY = YES_AGGRESSIVE;
				CLANG_WARN_UNREACHABLE_CODE = YES;
				CLANG_WARN__DUPLICATE_METHOD_MATCH = YES;
				COPY_PHASE_STRIP = NO;
				DEBUG_INFORMATION_FORMAT = "dwarf-with-dsym";
				ENABLE_NS_ASSERTIONS = NO;
				ENABLE_STRICT_OBJC_MSGSEND = YES;
				ENABLE_USER_SCRIPT_SANDBOXING = YES;
				GCC_C_LANGUAGE_STANDARD = gnu17;
				GCC_NO_COMMON_BLOCKS = YES;
				GCC_WARN_64_TO_32_BIT_CONVERSION = YES;
				GCC_WARN_ABOUT_RETURN_TYPE = YES_ERROR;
				GCC_WARN_UNDECLARED_SELECTOR = YES;
				GCC_WARN_UNINITIALIZED_AUTOS = YES_AGGRESSIVE;
				GCC_WARN_UNUSED_FUNCTION = YES;
				GCC_WARN_UNUSED_VARIABLE = YES;
				IPHONEOS_DEPLOYMENT_TARGET = 17.2;
				LOCALIZATION_PREFERS_STRING_CATALOGS = YES;
				MTL_ENABLE_DEBUG_INFO = NO;
				MTL_FAST_MATH = YES;
				SDKROOT = iphoneos;
				SWIFT_COMPILATION_MODE = wholemodule;
				VALIDATE_PRODUCT = YES;
			};
			name = Release;
		};
		27F14A872BC313B300F5A2DD /* Debug */ = {
			isa = XCBuildConfiguration;
			buildSettings = {
				ASSETCATALOG_COMPILER_APPICON_NAME = AppIcon;
				ASSETCATALOG_COMPILER_GLOBAL_ACCENT_COLOR_NAME = AccentColor;
				CODE_SIGN_ENTITLEMENTS = "login singup/login singup.entitlements";
				CODE_SIGN_STYLE = Automatic;
				CURRENT_PROJECT_VERSION = 1;
				DEVELOPMENT_ASSET_PATHS = "\"login singup/Preview Content\"";
				DEVELOPMENT_TEAM = ANK9G9SNJV;
				ENABLE_PREVIEWS = YES;
				GENERATE_INFOPLIST_FILE = YES;
				INFOPLIST_FILE = "login-singup-Info.plist";
				INFOPLIST_KEY_NSLocationAlwaysAndWhenInUseUsageDescription = "Used to get the weather";
				INFOPLIST_KEY_NSLocationWhenInUseUsageDescription = "Used to get the weather";
				INFOPLIST_KEY_UIApplicationSceneManifest_Generation = YES;
				INFOPLIST_KEY_UIApplicationSupportsIndirectInputEvents = YES;
				INFOPLIST_KEY_UILaunchScreen_Generation = YES;
				INFOPLIST_KEY_UISupportedInterfaceOrientations_iPad = "UIInterfaceOrientationPortrait UIInterfaceOrientationPortraitUpsideDown UIInterfaceOrientationLandscapeLeft UIInterfaceOrientationLandscapeRight";
				INFOPLIST_KEY_UISupportedInterfaceOrientations_iPhone = "UIInterfaceOrientationPortrait UIInterfaceOrientationLandscapeLeft UIInterfaceOrientationLandscapeRight";
				LD_RUNPATH_SEARCH_PATHS = (
					"$(inherited)",
					"@executable_path/Frameworks",
				);
				MARKETING_VERSION = 1.0;
				PRODUCT_BUNDLE_IDENTIFIER = "com.corvodylan.login-singup";
				PRODUCT_NAME = "$(TARGET_NAME)";
				SWIFT_EMIT_LOC_STRINGS = YES;
				SWIFT_VERSION = 5.0;
				TARGETED_DEVICE_FAMILY = "1,2";
			};
			name = Debug;
		};
		27F14A882BC313B300F5A2DD /* Release */ = {
			isa = XCBuildConfiguration;
			buildSettings = {
				ASSETCATALOG_COMPILER_APPICON_NAME = AppIcon;
				ASSETCATALOG_COMPILER_GLOBAL_ACCENT_COLOR_NAME = AccentColor;
				CODE_SIGN_ENTITLEMENTS = "login singup/login singup.entitlements";
				CODE_SIGN_STYLE = Automatic;
				CURRENT_PROJECT_VERSION = 1;
				DEVELOPMENT_ASSET_PATHS = "\"login singup/Preview Content\"";
				DEVELOPMENT_TEAM = ANK9G9SNJV;
				ENABLE_PREVIEWS = YES;
				GENERATE_INFOPLIST_FILE = YES;
				INFOPLIST_FILE = "login-singup-Info.plist";
				INFOPLIST_KEY_NSLocationAlwaysAndWhenInUseUsageDescription = "Used to get the weather";
				INFOPLIST_KEY_NSLocationWhenInUseUsageDescription = "Used to get the weather";
				INFOPLIST_KEY_UIApplicationSceneManifest_Generation = YES;
				INFOPLIST_KEY_UIApplicationSupportsIndirectInputEvents = YES;
				INFOPLIST_KEY_UILaunchScreen_Generation = YES;
				INFOPLIST_KEY_UISupportedInterfaceOrientations_iPad = "UIInterfaceOrientationPortrait UIInterfaceOrientationPortraitUpsideDown UIInterfaceOrientationLandscapeLeft UIInterfaceOrientationLandscapeRight";
				INFOPLIST_KEY_UISupportedInterfaceOrientations_iPhone = "UIInterfaceOrientationPortrait UIInterfaceOrientationLandscapeLeft UIInterfaceOrientationLandscapeRight";
				LD_RUNPATH_SEARCH_PATHS = (
					"$(inherited)",
					"@executable_path/Frameworks",
				);
				MARKETING_VERSION = 1.0;
				PRODUCT_BUNDLE_IDENTIFIER = "com.corvodylan.login-singup";
				PRODUCT_NAME = "$(TARGET_NAME)";
				SWIFT_EMIT_LOC_STRINGS = YES;
				SWIFT_VERSION = 5.0;
				TARGETED_DEVICE_FAMILY = "1,2";
			};
			name = Release;
		};
/* End XCBuildConfiguration section */

/* Begin XCConfigurationList section */
		27F14A732BC313B100F5A2DD /* Build configuration list for PBXProject "login singup" */ = {
			isa = XCConfigurationList;
			buildConfigurations = (
				27F14A842BC313B300F5A2DD /* Debug */,
				27F14A852BC313B300F5A2DD /* Release */,
			);
			defaultConfigurationIsVisible = 0;
			defaultConfigurationName = Release;
		};
		27F14A862BC313B300F5A2DD /* Build configuration list for PBXNativeTarget "login singup" */ = {
			isa = XCConfigurationList;
			buildConfigurations = (
				27F14A872BC313B300F5A2DD /* Debug */,
				27F14A882BC313B300F5A2DD /* Release */,
			);
			defaultConfigurationIsVisible = 0;
			defaultConfigurationName = Release;
		};
/* End XCConfigurationList section */

/* Begin XCRemoteSwiftPackageReference section */
		27F14AA22BC3F9BB00F5A2DD /* XCRemoteSwiftPackageReference "firebase-ios-sdk" */ = {
			isa = XCRemoteSwiftPackageReference;
			repositoryURL = "https://github.com/firebase/firebase-ios-sdk";
			requirement = {
				kind = upToNextMajorVersion;
				minimumVersion = 10.23.1;
			};
		};
		27F14BAB2BC6939900F5A2DD /* XCRemoteSwiftPackageReference "GoogleSignIn-iOS" */ = {
			isa = XCRemoteSwiftPackageReference;
			repositoryURL = "https://github.com/google/GoogleSignIn-iOS";
			requirement = {
				kind = upToNextMajorVersion;
				minimumVersion = 7.1.0;
			};
		};
/* End XCRemoteSwiftPackageReference section */

/* Begin XCSwiftPackageProductDependency section */
		27F14AA32BC3F9BB00F5A2DD /* FirebaseAnalytics */ = {
			isa = XCSwiftPackageProductDependency;
			package = 27F14AA22BC3F9BB00F5A2DD /* XCRemoteSwiftPackageReference "firebase-ios-sdk" */;
			productName = FirebaseAnalytics;
		};
		27F14AA52BC3F9BB00F5A2DD /* FirebaseAnalyticsOnDeviceConversion */ = {
			isa = XCSwiftPackageProductDependency;
			package = 27F14AA22BC3F9BB00F5A2DD /* XCRemoteSwiftPackageReference "firebase-ios-sdk" */;
			productName = FirebaseAnalyticsOnDeviceConversion;
		};
		27F14AA72BC3F9BB00F5A2DD /* FirebaseAnalyticsSwift */ = {
			isa = XCSwiftPackageProductDependency;
			package = 27F14AA22BC3F9BB00F5A2DD /* XCRemoteSwiftPackageReference "firebase-ios-sdk" */;
			productName = FirebaseAnalyticsSwift;
		};
		27F14AA92BC3F9BB00F5A2DD /* FirebaseAnalyticsWithoutAdIdSupport */ = {
			isa = XCSwiftPackageProductDependency;
			package = 27F14AA22BC3F9BB00F5A2DD /* XCRemoteSwiftPackageReference "firebase-ios-sdk" */;
			productName = FirebaseAnalyticsWithoutAdIdSupport;
		};
		27F14AAB2BC3F9BB00F5A2DD /* FirebaseAppCheck */ = {
			isa = XCSwiftPackageProductDependency;
			package = 27F14AA22BC3F9BB00F5A2DD /* XCRemoteSwiftPackageReference "firebase-ios-sdk" */;
			productName = FirebaseAppCheck;
		};
		27F14AAD2BC3FBCE00F5A2DD /* FirebaseAnalytics */ = {
			isa = XCSwiftPackageProductDependency;
			package = 27F14AA22BC3F9BB00F5A2DD /* XCRemoteSwiftPackageReference "firebase-ios-sdk" */;
			productName = FirebaseAnalytics;
		};
		27F14AAF2BC3FBCE00F5A2DD /* FirebaseAnalyticsOnDeviceConversion */ = {
			isa = XCSwiftPackageProductDependency;
			package = 27F14AA22BC3F9BB00F5A2DD /* XCRemoteSwiftPackageReference "firebase-ios-sdk" */;
			productName = FirebaseAnalyticsOnDeviceConversion;
		};
		27F14AB12BC3FBCE00F5A2DD /* FirebaseAnalyticsSwift */ = {
			isa = XCSwiftPackageProductDependency;
			package = 27F14AA22BC3F9BB00F5A2DD /* XCRemoteSwiftPackageReference "firebase-ios-sdk" */;
			productName = FirebaseAnalyticsSwift;
		};
		27F14AB32BC3FBCE00F5A2DD /* FirebaseAnalyticsWithoutAdIdSupport */ = {
			isa = XCSwiftPackageProductDependency;
			package = 27F14AA22BC3F9BB00F5A2DD /* XCRemoteSwiftPackageReference "firebase-ios-sdk" */;
			productName = FirebaseAnalyticsWithoutAdIdSupport;
		};
		27F14AB52BC3FBCE00F5A2DD /* FirebaseAppCheck */ = {
			isa = XCSwiftPackageProductDependency;
			package = 27F14AA22BC3F9BB00F5A2DD /* XCRemoteSwiftPackageReference "firebase-ios-sdk" */;
			productName = FirebaseAppCheck;
		};
		27F14AB72BC3FBCE00F5A2DD /* FirebaseAppDistribution-Beta */ = {
			isa = XCSwiftPackageProductDependency;
			package = 27F14AA22BC3F9BB00F5A2DD /* XCRemoteSwiftPackageReference "firebase-ios-sdk" */;
			productName = "FirebaseAppDistribution-Beta";
		};
		27F14AB92BC3FBCE00F5A2DD /* FirebaseAuth */ = {
			isa = XCSwiftPackageProductDependency;
			package = 27F14AA22BC3F9BB00F5A2DD /* XCRemoteSwiftPackageReference "firebase-ios-sdk" */;
			productName = FirebaseAuth;
		};
		27F14ABB2BC3FBCE00F5A2DD /* FirebaseFirestore */ = {
			isa = XCSwiftPackageProductDependency;
			package = 27F14AA22BC3F9BB00F5A2DD /* XCRemoteSwiftPackageReference "firebase-ios-sdk" */;
			productName = FirebaseFirestore;
		};
		27F14ABD2BC3FBCE00F5A2DD /* FirebaseFirestoreSwift */ = {
			isa = XCSwiftPackageProductDependency;
			package = 27F14AA22BC3F9BB00F5A2DD /* XCRemoteSwiftPackageReference "firebase-ios-sdk" */;
			productName = FirebaseFirestoreSwift;
		};
		27F14ABF2BC3FBCE00F5A2DD /* FirebaseMLModelDownloader */ = {
			isa = XCSwiftPackageProductDependency;
			package = 27F14AA22BC3F9BB00F5A2DD /* XCRemoteSwiftPackageReference "firebase-ios-sdk" */;
			productName = FirebaseMLModelDownloader;
		};
		27F14AC12BC3FBCE00F5A2DD /* FirebaseStorage */ = {
			isa = XCSwiftPackageProductDependency;
			package = 27F14AA22BC3F9BB00F5A2DD /* XCRemoteSwiftPackageReference "firebase-ios-sdk" */;
			productName = FirebaseStorage;
		};
		27F14BAC2BC6939900F5A2DD /* GoogleSignIn */ = {
			isa = XCSwiftPackageProductDependency;
			package = 27F14BAB2BC6939900F5A2DD /* XCRemoteSwiftPackageReference "GoogleSignIn-iOS" */;
			productName = GoogleSignIn;
		};
		27F14BAE2BC6939900F5A2DD /* GoogleSignInSwift */ = {
			isa = XCSwiftPackageProductDependency;
			package = 27F14BAB2BC6939900F5A2DD /* XCRemoteSwiftPackageReference "GoogleSignIn-iOS" */;
			productName = GoogleSignInSwift;
		};
/* End XCSwiftPackageProductDependency section */
	};
	rootObject = 27F14A702BC313B100F5A2DD /* Project object */;
}
